// !$*UTF8*$!
{
	archiveVersion = 1;
	classes = {
	};
	objectVersion = 56;
	objects = {

/* Begin PBXBuildFile section */
		5C2AE5458495DE9BE38B8908 /* Pods_FreeWallet.framework in Frameworks */ = {isa = PBXBuildFile; fileRef = 54A320A20484F795E237DD53 /* Pods_FreeWallet.framework */; };
		DB0D7E462A8D328500C51512 /* MovimientosModel.swift in Sources */ = {isa = PBXBuildFile; fileRef = DB0D7E452A8D328500C51512 /* MovimientosModel.swift */; };
		DB0D7E482A93B9A600C51512 /* AgregarViewController.swift in Sources */ = {isa = PBXBuildFile; fileRef = DB0D7E472A93B9A600C51512 /* AgregarViewController.swift */; };
		DB0D7E4A2A950D8100C51512 /* IconViewController.swift in Sources */ = {isa = PBXBuildFile; fileRef = DB0D7E492A950D8100C51512 /* IconViewController.swift */; };
		DB0D7E4C2A950E2E00C51512 /* IconModel.swift in Sources */ = {isa = PBXBuildFile; fileRef = DB0D7E4B2A950E2E00C51512 /* IconModel.swift */; };
		DB0D7E4E2A95224500C51512 /* IconCollectionViewCell.swift in Sources */ = {isa = PBXBuildFile; fileRef = DB0D7E4D2A95224500C51512 /* IconCollectionViewCell.swift */; };
		DB2575A32A7825C400EE79E0 /* OpcionesIngresosViewController.swift in Sources */ = {isa = PBXBuildFile; fileRef = DB2575A22A7825C400EE79E0 /* OpcionesIngresosViewController.swift */; };
		DB2575A72A7828DA00EE79E0 /* MoverViewController.swift in Sources */ = {isa = PBXBuildFile; fileRef = DB2575A62A7828DA00EE79E0 /* MoverViewController.swift */; };
		DB2575A92A78385000EE79E0 /* MoverCollectionViewCell.swift in Sources */ = {isa = PBXBuildFile; fileRef = DB2575A82A78385000EE79E0 /* MoverCollectionViewCell.swift */; };
		DB2575AB2A783B5500EE79E0 /* MoveModel.swift in Sources */ = {isa = PBXBuildFile; fileRef = DB2575AA2A783B5500EE79E0 /* MoveModel.swift */; };
		DB2575AD2A79688400EE79E0 /* OpcionesGastosViewController.swift in Sources */ = {isa = PBXBuildFile; fileRef = DB2575AC2A79688400EE79E0 /* OpcionesGastosViewController.swift */; };
		DB2575AF2A79793A00EE79E0 /* ModificarViewController.swift in Sources */ = {isa = PBXBuildFile; fileRef = DB2575AE2A79793A00EE79E0 /* ModificarViewController.swift */; };
		DB2575B12A7AAED100EE79E0 /* CalculadoraViewController.swift in Sources */ = {isa = PBXBuildFile; fileRef = DB2575B02A7AAED100EE79E0 /* CalculadoraViewController.swift */; };
		DB2F56B42A7056320058963D /* AppDelegate.swift in Sources */ = {isa = PBXBuildFile; fileRef = DB2F56B32A7056320058963D /* AppDelegate.swift */; };
		DB2F56B62A7056320058963D /* SceneDelegate.swift in Sources */ = {isa = PBXBuildFile; fileRef = DB2F56B52A7056320058963D /* SceneDelegate.swift */; };
		DB2F56B82A7056320058963D /* ViewController.swift in Sources */ = {isa = PBXBuildFile; fileRef = DB2F56B72A7056320058963D /* ViewController.swift */; };
		DB2F56BB2A7056320058963D /* Main.storyboard in Resources */ = {isa = PBXBuildFile; fileRef = DB2F56B92A7056320058963D /* Main.storyboard */; };
		DB2F56BD2A7056340058963D /* Assets.xcassets in Resources */ = {isa = PBXBuildFile; fileRef = DB2F56BC2A7056340058963D /* Assets.xcassets */; };
		DB2F56C02A7056340058963D /* LaunchScreen.storyboard in Resources */ = {isa = PBXBuildFile; fileRef = DB2F56BE2A7056340058963D /* LaunchScreen.storyboard */; };
		DB2F56C82A717F660058963D /* IngresosViewController.swift in Sources */ = {isa = PBXBuildFile; fileRef = DB2F56C72A717F660058963D /* IngresosViewController.swift */; };
		DB2F56CA2A717F910058963D /* GastosViewController.swift in Sources */ = {isa = PBXBuildFile; fileRef = DB2F56C92A717F910058963D /* GastosViewController.swift */; };
		DB2F56CC2A7180000058963D /* DataModel.swift in Sources */ = {isa = PBXBuildFile; fileRef = DB2F56CB2A7180000058963D /* DataModel.swift */; };
		DB2F56D02A7181790058963D /* IngresosCustomCell.swift in Sources */ = {isa = PBXBuildFile; fileRef = DB2F56CF2A7181790058963D /* IngresosCustomCell.swift */; };
/* End PBXBuildFile section */

/* Begin PBXFileReference section */
		0CD702D695BBD55B693CCEFB /* Pods-FreeWallet.debug.xcconfig */ = {isa = PBXFileReference; includeInIndex = 1; lastKnownFileType = text.xcconfig; name = "Pods-FreeWallet.debug.xcconfig"; path = "Target Support Files/Pods-FreeWallet/Pods-FreeWallet.debug.xcconfig"; sourceTree = "<group>"; };
		54A320A20484F795E237DD53 /* Pods_FreeWallet.framework */ = {isa = PBXFileReference; explicitFileType = wrapper.framework; includeInIndex = 0; path = Pods_FreeWallet.framework; sourceTree = BUILT_PRODUCTS_DIR; };
		827593EFD429E9C1DE072047 /* Pods-FreeWallet.release.xcconfig */ = {isa = PBXFileReference; includeInIndex = 1; lastKnownFileType = text.xcconfig; name = "Pods-FreeWallet.release.xcconfig"; path = "Target Support Files/Pods-FreeWallet/Pods-FreeWallet.release.xcconfig"; sourceTree = "<group>"; };
		DB0D7E452A8D328500C51512 /* MovimientosModel.swift */ = {isa = PBXFileReference; lastKnownFileType = sourcecode.swift; path = MovimientosModel.swift; sourceTree = "<group>"; };
		DB0D7E472A93B9A600C51512 /* AgregarViewController.swift */ = {isa = PBXFileReference; lastKnownFileType = sourcecode.swift; path = AgregarViewController.swift; sourceTree = "<group>"; };
		DB0D7E492A950D8100C51512 /* IconViewController.swift */ = {isa = PBXFileReference; lastKnownFileType = sourcecode.swift; path = IconViewController.swift; sourceTree = "<group>"; };
		DB0D7E4B2A950E2E00C51512 /* IconModel.swift */ = {isa = PBXFileReference; lastKnownFileType = sourcecode.swift; path = IconModel.swift; sourceTree = "<group>"; };
		DB0D7E4D2A95224500C51512 /* IconCollectionViewCell.swift */ = {isa = PBXFileReference; lastKnownFileType = sourcecode.swift; path = IconCollectionViewCell.swift; sourceTree = "<group>"; };
		DB2575A22A7825C400EE79E0 /* OpcionesIngresosViewController.swift */ = {isa = PBXFileReference; lastKnownFileType = sourcecode.swift; path = OpcionesIngresosViewController.swift; sourceTree = "<group>"; };
		DB2575A62A7828DA00EE79E0 /* MoverViewController.swift */ = {isa = PBXFileReference; lastKnownFileType = sourcecode.swift; path = MoverViewController.swift; sourceTree = "<group>"; };
		DB2575A82A78385000EE79E0 /* MoverCollectionViewCell.swift */ = {isa = PBXFileReference; lastKnownFileType = sourcecode.swift; path = MoverCollectionViewCell.swift; sourceTree = "<group>"; };
		DB2575AA2A783B5500EE79E0 /* MoveModel.swift */ = {isa = PBXFileReference; lastKnownFileType = sourcecode.swift; path = MoveModel.swift; sourceTree = "<group>"; };
		DB2575AC2A79688400EE79E0 /* OpcionesGastosViewController.swift */ = {isa = PBXFileReference; lastKnownFileType = sourcecode.swift; path = OpcionesGastosViewController.swift; sourceTree = "<group>"; };
		DB2575AE2A79793A00EE79E0 /* ModificarViewController.swift */ = {isa = PBXFileReference; lastKnownFileType = sourcecode.swift; path = ModificarViewController.swift; sourceTree = "<group>"; };
		DB2575B02A7AAED100EE79E0 /* CalculadoraViewController.swift */ = {isa = PBXFileReference; lastKnownFileType = sourcecode.swift; path = CalculadoraViewController.swift; sourceTree = "<group>"; };
		DB2F56B02A7056320058963D /* FreeWallet.app */ = {isa = PBXFileReference; explicitFileType = wrapper.application; includeInIndex = 0; path = FreeWallet.app; sourceTree = BUILT_PRODUCTS_DIR; };
		DB2F56B32A7056320058963D /* AppDelegate.swift */ = {isa = PBXFileReference; lastKnownFileType = sourcecode.swift; path = AppDelegate.swift; sourceTree = "<group>"; };
		DB2F56B52A7056320058963D /* SceneDelegate.swift */ = {isa = PBXFileReference; lastKnownFileType = sourcecode.swift; path = SceneDelegate.swift; sourceTree = "<group>"; };
		DB2F56B72A7056320058963D /* ViewController.swift */ = {isa = PBXFileReference; lastKnownFileType = sourcecode.swift; path = ViewController.swift; sourceTree = "<group>"; };
		DB2F56BA2A7056320058963D /* Base */ = {isa = PBXFileReference; lastKnownFileType = file.storyboard; name = Base; path = Base.lproj/Main.storyboard; sourceTree = "<group>"; };
		DB2F56BC2A7056340058963D /* Assets.xcassets */ = {isa = PBXFileReference; lastKnownFileType = folder.assetcatalog; path = Assets.xcassets; sourceTree = "<group>"; };
		DB2F56BF2A7056340058963D /* Base */ = {isa = PBXFileReference; lastKnownFileType = file.storyboard; name = Base; path = Base.lproj/LaunchScreen.storyboard; sourceTree = "<group>"; };
		DB2F56C12A7056340058963D /* Info.plist */ = {isa = PBXFileReference; lastKnownFileType = text.plist.xml; path = Info.plist; sourceTree = "<group>"; };
		DB2F56C72A717F660058963D /* IngresosViewController.swift */ = {isa = PBXFileReference; lastKnownFileType = sourcecode.swift; path = IngresosViewController.swift; sourceTree = "<group>"; };
		DB2F56C92A717F910058963D /* GastosViewController.swift */ = {isa = PBXFileReference; lastKnownFileType = sourcecode.swift; path = GastosViewController.swift; sourceTree = "<group>"; };
		DB2F56CB2A7180000058963D /* DataModel.swift */ = {isa = PBXFileReference; lastKnownFileType = sourcecode.swift; path = DataModel.swift; sourceTree = "<group>"; };
		DB2F56CF2A7181790058963D /* IngresosCustomCell.swift */ = {isa = PBXFileReference; lastKnownFileType = sourcecode.swift; path = IngresosCustomCell.swift; sourceTree = "<group>"; };
/* End PBXFileReference section */

/* Begin PBXFrameworksBuildPhase section */
		DB2F56AD2A7056320058963D /* Frameworks */ = {
			isa = PBXFrameworksBuildPhase;
			buildActionMask = 2147483647;
			files = (
				5C2AE5458495DE9BE38B8908 /* Pods_FreeWallet.framework in Frameworks */,
			);
			runOnlyForDeploymentPostprocessing = 0;
		};
/* End PBXFrameworksBuildPhase section */

/* Begin PBXGroup section */
		8BAB0C138A3B37D5EDC45F2E /* Frameworks */ = {
			isa = PBXGroup;
			children = (
				54A320A20484F795E237DD53 /* Pods_FreeWallet.framework */,
			);
			name = Frameworks;
			sourceTree = "<group>";
		};
		DA5E6A06740B5CE59E8BBBF8 /* Pods */ = {
			isa = PBXGroup;
			children = (
				0CD702D695BBD55B693CCEFB /* Pods-FreeWallet.debug.xcconfig */,
				827593EFD429E9C1DE072047 /* Pods-FreeWallet.release.xcconfig */,
			);
			path = Pods;
			sourceTree = "<group>";
		};
		DB2F56A72A7056320058963D = {
			isa = PBXGroup;
			children = (
				DB2F56B22A7056320058963D /* FreeWallet */,
				DB2F56B12A7056320058963D /* Products */,
				DA5E6A06740B5CE59E8BBBF8 /* Pods */,
				8BAB0C138A3B37D5EDC45F2E /* Frameworks */,
			);
			sourceTree = "<group>";
		};
		DB2F56B12A7056320058963D /* Products */ = {
			isa = PBXGroup;
			children = (
				DB2F56B02A7056320058963D /* FreeWallet.app */,
			);
			name = Products;
			sourceTree = "<group>";
		};
		DB2F56B22A7056320058963D /* FreeWallet */ = {
			isa = PBXGroup;
			children = (
				DB2F56B32A7056320058963D /* AppDelegate.swift */,
				DB2F56CB2A7180000058963D /* DataModel.swift */,
				DB2575AA2A783B5500EE79E0 /* MoveModel.swift */,
				DB0D7E452A8D328500C51512 /* MovimientosModel.swift */,
				DB0D7E4B2A950E2E00C51512 /* IconModel.swift */,
				DB0D7E4D2A95224500C51512 /* IconCollectionViewCell.swift */,
				DB0D7E492A950D8100C51512 /* IconViewController.swift */,
				DB2F56CF2A7181790058963D /* IngresosCustomCell.swift */,
				DB2F56B72A7056320058963D /* ViewController.swift */,
				DB2F56C72A717F660058963D /* IngresosViewController.swift */,
				DB0D7E472A93B9A600C51512 /* AgregarViewController.swift */,
				DB2575A22A7825C400EE79E0 /* OpcionesIngresosViewController.swift */,
				DB2575AC2A79688400EE79E0 /* OpcionesGastosViewController.swift */,
				DB2575A82A78385000EE79E0 /* MoverCollectionViewCell.swift */,
				DB2575B02A7AAED100EE79E0 /* CalculadoraViewController.swift */,
				DB2575AE2A79793A00EE79E0 /* ModificarViewController.swift */,
				DB2575A62A7828DA00EE79E0 /* MoverViewController.swift */,
				DB2F56C92A717F910058963D /* GastosViewController.swift */,
				DB2F56B52A7056320058963D /* SceneDelegate.swift */,
				DB2F56B92A7056320058963D /* Main.storyboard */,
				DB2F56BC2A7056340058963D /* Assets.xcassets */,
				DB2F56BE2A7056340058963D /* LaunchScreen.storyboard */,
				DB2F56C12A7056340058963D /* Info.plist */,
			);
			path = FreeWallet;
			sourceTree = "<group>";
		};
/* End PBXGroup section */

/* Begin PBXNativeTarget section */
		DB2F56AF2A7056320058963D /* FreeWallet */ = {
			isa = PBXNativeTarget;
			buildConfigurationList = DB2F56C42A7056340058963D /* Build configuration list for PBXNativeTarget "FreeWallet" */;
			buildPhases = (
				A8673B47C3D37632C1323FAD /* [CP] Check Pods Manifest.lock */,
				DB2F56AC2A7056320058963D /* Sources */,
				DB2F56AD2A7056320058963D /* Frameworks */,
				DB2F56AE2A7056320058963D /* Resources */,
				D48636FA702FF6F0CA43671D /* [CP] Embed Pods Frameworks */,
			);
			buildRules = (
			);
			dependencies = (
			);
			name = FreeWallet;
			productName = FreeWallet;
			productReference = DB2F56B02A7056320058963D /* FreeWallet.app */;
			productType = "com.apple.product-type.application";
		};
/* End PBXNativeTarget section */

/* Begin PBXProject section */
		DB2F56A82A7056320058963D /* Project object */ = {
			isa = PBXProject;
			attributes = {
				BuildIndependentTargetsInParallel = 1;
				LastSwiftUpdateCheck = 1430;
				LastUpgradeCheck = 1430;
				TargetAttributes = {
					DB2F56AF2A7056320058963D = {
						CreatedOnToolsVersion = 14.3;
					};
				};
			};
			buildConfigurationList = DB2F56AB2A7056320058963D /* Build configuration list for PBXProject "FreeWallet" */;
			compatibilityVersion = "Xcode 14.0";
			developmentRegion = en;
			hasScannedForEncodings = 0;
			knownRegions = (
				en,
				Base,
			);
			mainGroup = DB2F56A72A7056320058963D;
			productRefGroup = DB2F56B12A7056320058963D /* Products */;
			projectDirPath = "";
			projectRoot = "";
			targets = (
				DB2F56AF2A7056320058963D /* FreeWallet */,
			);
		};
/* End PBXProject section */

/* Begin PBXResourcesBuildPhase section */
		DB2F56AE2A7056320058963D /* Resources */ = {
			isa = PBXResourcesBuildPhase;
			buildActionMask = 2147483647;
			files = (
				DB2F56C02A7056340058963D /* LaunchScreen.storyboard in Resources */,
				DB2F56BD2A7056340058963D /* Assets.xcassets in Resources */,
				DB2F56BB2A7056320058963D /* Main.storyboard in Resources */,
			);
			runOnlyForDeploymentPostprocessing = 0;
		};
/* End PBXResourcesBuildPhase section */

/* Begin PBXShellScriptBuildPhase section */
		A8673B47C3D37632C1323FAD /* [CP] Check Pods Manifest.lock */ = {
			isa = PBXShellScriptBuildPhase;
			buildActionMask = 2147483647;
			files = (
			);
			inputFileListPaths = (
			);
			inputPaths = (
				"${PODS_PODFILE_DIR_PATH}/Podfile.lock",
				"${PODS_ROOT}/Manifest.lock",
			);
			name = "[CP] Check Pods Manifest.lock";
			outputFileListPaths = (
			);
			outputPaths = (
				"$(DERIVED_FILE_DIR)/Pods-FreeWallet-checkManifestLockResult.txt",
			);
			runOnlyForDeploymentPostprocessing = 0;
			shellPath = /bin/sh;
			shellScript = "diff \"${PODS_PODFILE_DIR_PATH}/Podfile.lock\" \"${PODS_ROOT}/Manifest.lock\" > /dev/null\nif [ $? != 0 ] ; then\n    # print error to STDERR\n    echo \"error: The sandbox is not in sync with the Podfile.lock. Run 'pod install' or update your CocoaPods installation.\" >&2\n    exit 1\nfi\n# This output is used by Xcode 'outputs' to avoid re-running this script phase.\necho \"SUCCESS\" > \"${SCRIPT_OUTPUT_FILE_0}\"\n";
			showEnvVarsInLog = 0;
		};
		D48636FA702FF6F0CA43671D /* [CP] Embed Pods Frameworks */ = {
			isa = PBXShellScriptBuildPhase;
			buildActionMask = 2147483647;
			files = (
			);
			inputFileListPaths = (
				"${PODS_ROOT}/Target Support Files/Pods-FreeWallet/Pods-FreeWallet-frameworks-${CONFIGURATION}-input-files.xcfilelist",
			);
			name = "[CP] Embed Pods Frameworks";
			outputFileListPaths = (
				"${PODS_ROOT}/Target Support Files/Pods-FreeWallet/Pods-FreeWallet-frameworks-${CONFIGURATION}-output-files.xcfilelist",
			);
			runOnlyForDeploymentPostprocessing = 0;
			shellPath = /bin/sh;
			shellScript = "\"${PODS_ROOT}/Target Support Files/Pods-FreeWallet/Pods-FreeWallet-frameworks.sh\"\n";
			showEnvVarsInLog = 0;
		};
/* End PBXShellScriptBuildPhase section */

/* Begin PBXSourcesBuildPhase section */
		DB2F56AC2A7056320058963D /* Sources */ = {
			isa = PBXSourcesBuildPhase;
			buildActionMask = 2147483647;
			files = (
				DB2575A92A78385000EE79E0 /* MoverCollectionViewCell.swift in Sources */,
				DB2575AD2A79688400EE79E0 /* OpcionesGastosViewController.swift in Sources */,
				DB0D7E4C2A950E2E00C51512 /* IconModel.swift in Sources */,
				DB2575A32A7825C400EE79E0 /* OpcionesIngresosViewController.swift in Sources */,
				DB2575AF2A79793A00EE79E0 /* ModificarViewController.swift in Sources */,
				DB2F56C82A717F660058963D /* IngresosViewController.swift in Sources */,
				DB2F56B82A7056320058963D /* ViewController.swift in Sources */,
				DB2F56B42A7056320058963D /* AppDelegate.swift in Sources */,
				DB0D7E4A2A950D8100C51512 /* IconViewController.swift in Sources */,
				DB2F56CA2A717F910058963D /* GastosViewController.swift in Sources */,
				DB2575B12A7AAED100EE79E0 /* CalculadoraViewController.swift in Sources */,
				DB0D7E4E2A95224500C51512 /* IconCollectionViewCell.swift in Sources */,
				DB2575A72A7828DA00EE79E0 /* MoverViewController.swift in Sources */,
				DB2575AB2A783B5500EE79E0 /* MoveModel.swift in Sources */,
				DB0D7E462A8D328500C51512 /* MovimientosModel.swift in Sources */,
				DB2F56B62A7056320058963D /* SceneDelegate.swift in Sources */,
				DB2F56CC2A7180000058963D /* DataModel.swift in Sources */,
				DB0D7E482A93B9A600C51512 /* AgregarViewController.swift in Sources */,
				DB2F56D02A7181790058963D /* IngresosCustomCell.swift in Sources */,
			);
			runOnlyForDeploymentPostprocessing = 0;
		};
/* End PBXSourcesBuildPhase section */

/* Begin PBXVariantGroup section */
		DB2F56B92A7056320058963D /* Main.storyboard */ = {
			isa = PBXVariantGroup;
			children = (
				DB2F56BA2A7056320058963D /* Base */,
			);
			name = Main.storyboard;
			sourceTree = "<group>";
		};
		DB2F56BE2A7056340058963D /* LaunchScreen.storyboard */ = {
			isa = PBXVariantGroup;
			children = (
				DB2F56BF2A7056340058963D /* Base */,
			);
			name = LaunchScreen.storyboard;
			sourceTree = "<group>";
		};
/* End PBXVariantGroup section */

/* Begin XCBuildConfiguration section */
		DB2F56C22A7056340058963D /* Debug */ = {
			isa = XCBuildConfiguration;
			buildSettings = {
				ALWAYS_SEARCH_USER_PATHS = NO;
				CLANG_ANALYZER_NONNULL = YES;
				CLANG_ANALYZER_NUMBER_OBJECT_CONVERSION = YES_AGGRESSIVE;
				CLANG_CXX_LANGUAGE_STANDARD = "gnu++20";
				CLANG_ENABLE_MODULES = YES;
				CLANG_ENABLE_OBJC_ARC = YES;
				CLANG_ENABLE_OBJC_WEAK = YES;
				CLANG_WARN_BLOCK_CAPTURE_AUTORELEASING = YES;
				CLANG_WARN_BOOL_CONVERSION = YES;
				CLANG_WARN_COMMA = YES;
				CLANG_WARN_CONSTANT_CONVERSION = YES;
				CLANG_WARN_DEPRECATED_OBJC_IMPLEMENTATIONS = YES;
				CLANG_WARN_DIRECT_OBJC_ISA_USAGE = YES_ERROR;
				CLANG_WARN_DOCUMENTATION_COMMENTS = YES;
				CLANG_WARN_EMPTY_BODY = YES;
				CLANG_WARN_ENUM_CONVERSION = YES;
				CLANG_WARN_INFINITE_RECURSION = YES;
				CLANG_WARN_INT_CONVERSION = YES;
				CLANG_WARN_NON_LITERAL_NULL_CONVERSION = YES;
				CLANG_WARN_OBJC_IMPLICIT_RETAIN_SELF = YES;
				CLANG_WARN_OBJC_LITERAL_CONVERSION = YES;
				CLANG_WARN_OBJC_ROOT_CLASS = YES_ERROR;
				CLANG_WARN_QUOTED_INCLUDE_IN_FRAMEWORK_HEADER = YES;
				CLANG_WARN_RANGE_LOOP_ANALYSIS = YES;
				CLANG_WARN_STRICT_PROTOTYPES = YES;
				CLANG_WARN_SUSPICIOUS_MOVE = YES;
				CLANG_WARN_UNGUARDED_AVAILABILITY = YES_AGGRESSIVE;
				CLANG_WARN_UNREACHABLE_CODE = YES;
				CLANG_WARN__DUPLICATE_METHOD_MATCH = YES;
				COPY_PHASE_STRIP = NO;
				DEBUG_INFORMATION_FORMAT = dwarf;
				ENABLE_STRICT_OBJC_MSGSEND = YES;
				ENABLE_TESTABILITY = YES;
				GCC_C_LANGUAGE_STANDARD = gnu11;
				GCC_DYNAMIC_NO_PIC = NO;
				GCC_NO_COMMON_BLOCKS = YES;
				GCC_OPTIMIZATION_LEVEL = 0;
				GCC_PREPROCESSOR_DEFINITIONS = (
					"DEBUG=1",
					"$(inherited)",
				);
				GCC_WARN_64_TO_32_BIT_CONVERSION = YES;
				GCC_WARN_ABOUT_RETURN_TYPE = YES_ERROR;
				GCC_WARN_UNDECLARED_SELECTOR = YES;
				GCC_WARN_UNINITIALIZED_AUTOS = YES_AGGRESSIVE;
				GCC_WARN_UNUSED_FUNCTION = YES;
				GCC_WARN_UNUSED_VARIABLE = YES;
				IPHONEOS_DEPLOYMENT_TARGET = 16.4;
				MTL_ENABLE_DEBUG_INFO = INCLUDE_SOURCE;
				MTL_FAST_MATH = YES;
				ONLY_ACTIVE_ARCH = YES;
				SDKROOT = iphoneos;
				SWIFT_ACTIVE_COMPILATION_CONDITIONS = DEBUG;
				SWIFT_OPTIMIZATION_LEVEL = "-Onone";
			};
			name = Debug;
		};
		DB2F56C32A7056340058963D /* Release */ = {
			isa = XCBuildConfiguration;
			buildSettings = {
				ALWAYS_SEARCH_USER_PATHS = NO;
				CLANG_ANALYZER_NONNULL = YES;
				CLANG_ANALYZER_NUMBER_OBJECT_CONVERSION = YES_AGGRESSIVE;
				CLANG_CXX_LANGUAGE_STANDARD = "gnu++20";
				CLANG_ENABLE_MODULES = YES;
				CLANG_ENABLE_OBJC_ARC = YES;
				CLANG_ENABLE_OBJC_WEAK = YES;
				CLANG_WARN_BLOCK_CAPTURE_AUTORELEASING = YES;
				CLANG_WARN_BOOL_CONVERSION = YES;
				CLANG_WARN_COMMA = YES;
				CLANG_WARN_CONSTANT_CONVERSION = YES;
				CLANG_WARN_DEPRECATED_OBJC_IMPLEMENTATIONS = YES;
				CLANG_WARN_DIRECT_OBJC_ISA_USAGE = YES_ERROR;
				CLANG_WARN_DOCUMENTATION_COMMENTS = YES;
				CLANG_WARN_EMPTY_BODY = YES;
				CLANG_WARN_ENUM_CONVERSION = YES;
				CLANG_WARN_INFINITE_RECURSION = YES;
				CLANG_WARN_INT_CONVERSION = YES;
				CLANG_WARN_NON_LITERAL_NULL_CONVERSION = YES;
				CLANG_WARN_OBJC_IMPLICIT_RETAIN_SELF = YES;
				CLANG_WARN_OBJC_LITERAL_CONVERSION = YES;
				CLANG_WARN_OBJC_ROOT_CLASS = YES_ERROR;
				CLANG_WARN_QUOTED_INCLUDE_IN_FRAMEWORK_HEADER = YES;
				CLANG_WARN_RANGE_LOOP_ANALYSIS = YES;
				CLANG_WARN_STRICT_PROTOTYPES = YES;
				CLANG_WARN_SUSPICIOUS_MOVE = YES;
				CLANG_WARN_UNGUARDED_AVAILABILITY = YES_AGGRESSIVE;
				CLANG_WARN_UNREACHABLE_CODE = YES;
				CLANG_WARN__DUPLICATE_METHOD_MATCH = YES;
				COPY_PHASE_STRIP = NO;
				DEBUG_INFORMATION_FORMAT = "dwarf-with-dsym";
				ENABLE_NS_ASSERTIONS = NO;
				ENABLE_STRICT_OBJC_MSGSEND = YES;
				GCC_C_LANGUAGE_STANDARD = gnu11;
				GCC_NO_COMMON_BLOCKS = YES;
				GCC_WARN_64_TO_32_BIT_CONVERSION = YES;
				GCC_WARN_ABOUT_RETURN_TYPE = YES_ERROR;
				GCC_WARN_UNDECLARED_SELECTOR = YES;
				GCC_WARN_UNINITIALIZED_AUTOS = YES_AGGRESSIVE;
				GCC_WARN_UNUSED_FUNCTION = YES;
				GCC_WARN_UNUSED_VARIABLE = YES;
				IPHONEOS_DEPLOYMENT_TARGET = 16.4;
				MTL_ENABLE_DEBUG_INFO = NO;
				MTL_FAST_MATH = YES;
				SDKROOT = iphoneos;
				SWIFT_COMPILATION_MODE = wholemodule;
				SWIFT_OPTIMIZATION_LEVEL = "-O";
				VALIDATE_PRODUCT = YES;
			};
			name = Release;
		};
		DB2F56C52A7056340058963D /* Debug */ = {
			isa = XCBuildConfiguration;
			baseConfigurationReference = 0CD702D695BBD55B693CCEFB /* Pods-FreeWallet.debug.xcconfig */;
			buildSettings = {
				ASSETCATALOG_COMPILER_APPICON_NAME = AppIcon;
				ASSETCATALOG_COMPILER_GLOBAL_ACCENT_COLOR_NAME = AccentColor;
				CODE_SIGN_STYLE = Automatic;
				CURRENT_PROJECT_VERSION = 1;
				DEVELOPMENT_TEAM = 4JKHJALY4V;
				GENERATE_INFOPLIST_FILE = YES;
				INFOPLIST_FILE = FreeWallet/Info.plist;
				INFOPLIST_KEY_UIApplicationSupportsIndirectInputEvents = YES;
				INFOPLIST_KEY_UILaunchStoryboardName = LaunchScreen;
				INFOPLIST_KEY_UIMainStoryboardFile = Main;
				INFOPLIST_KEY_UISupportedInterfaceOrientations_iPad = "UIInterfaceOrientationPortrait UIInterfaceOrientationPortraitUpsideDown UIInterfaceOrientationLandscapeLeft UIInterfaceOrientationLandscapeRight";
				INFOPLIST_KEY_UISupportedInterfaceOrientations_iPhone = "UIInterfaceOrientationPortrait UIInterfaceOrientationLandscapeLeft UIInterfaceOrientationLandscapeRight";
				LD_RUNPATH_SEARCH_PATHS = (
					"$(inherited)",
					"@executable_path/Frameworks",
				);
				MARKETING_VERSION = 1.0;
				PRODUCT_BUNDLE_IDENTIFIER = cesar.FreeWallet;
				PRODUCT_NAME = "$(TARGET_NAME)";
				SWIFT_EMIT_LOC_STRINGS = YES;
				SWIFT_VERSION = 5.0;
				TARGETED_DEVICE_FAMILY = "1,2";
			};
			name = Debug;
		};
		DB2F56C62A7056340058963D /* Release */ = {
			isa = XCBuildConfiguration;
			baseConfigurationReference = 827593EFD429E9C1DE072047 /* Pods-FreeWallet.release.xcconfig */;
			buildSettings = {
				ASSETCATALOG_COMPILER_APPICON_NAME = AppIcon;
				ASSETCATALOG_COMPILER_GLOBAL_ACCENT_COLOR_NAME = AccentColor;
				CODE_SIGN_STYLE = Automatic;
				CURRENT_PROJECT_VERSION = 1;
				DEVELOPMENT_TEAM = 4JKHJALY4V;
				GENERATE_INFOPLIST_FILE = YES;
				INFOPLIST_FILE = FreeWallet/Info.plist;
				INFOPLIST_KEY_UIApplicationSupportsIndirectInputEvents = YES;
				INFOPLIST_KEY_UILaunchStoryboardName = LaunchScreen;
				INFOPLIST_KEY_UIMainStoryboardFile = Main;
				INFOPLIST_KEY_UISupportedInterfaceOrientations_iPad = "UIInterfaceOrientationPortrait UIInterfaceOrientationPortraitUpsideDown UIInterfaceOrientationLandscapeLeft UIInterfaceOrientationLandscapeRight";
				INFOPLIST_KEY_UISupportedInterfaceOrientations_iPhone = "UIInterfaceOrientationPortrait UIInterfaceOrientationLandscapeLeft UIInterfaceOrientationLandscapeRight";
				LD_RUNPATH_SEARCH_PATHS = (
					"$(inherited)",
					"@executable_path/Frameworks",
				);
				MARKETING_VERSION = 1.0;
				PRODUCT_BUNDLE_IDENTIFIER = cesar.FreeWallet;
				PRODUCT_NAME = "$(TARGET_NAME)";
				SWIFT_EMIT_LOC_STRINGS = YES;
				SWIFT_VERSION = 5.0;
				TARGETED_DEVICE_FAMILY = "1,2";
			};
			name = Release;
		};
/* End XCBuildConfiguration section */

/* Begin XCConfigurationList section */
		DB2F56AB2A7056320058963D /* Build configuration list for PBXProject "FreeWallet" */ = {
			isa = XCConfigurationList;
			buildConfigurations = (
				DB2F56C22A7056340058963D /* Debug */,
				DB2F56C32A7056340058963D /* Release */,
			);
			defaultConfigurationIsVisible = 0;
			defaultConfigurationName = Release;
		};
		DB2F56C42A7056340058963D /* Build configuration list for PBXNativeTarget "FreeWallet" */ = {
			isa = XCConfigurationList;
			buildConfigurations = (
				DB2F56C52A7056340058963D /* Debug */,
				DB2F56C62A7056340058963D /* Release */,
			);
			defaultConfigurationIsVisible = 0;
			defaultConfigurationName = Release;
		};
/* End XCConfigurationList section */
	};
	rootObject = DB2F56A82A7056320058963D /* Project object */;
}
