// !$*UTF8*$!
{
	archiveVersion = 1;
	classes = {
	};
	objectVersion = 56;
	objects = {

/* Begin PBXBuildFile section */
		DB0D7E5C2A9E46FD00C51512 /* AppDelegate.swift in Sources */ = {isa = PBXBuildFile; fileRef = DB0D7E5B2A9E46FD00C51512 /* AppDelegate.swift */; };
		DB0D7E5E2A9E46FD00C51512 /* SceneDelegate.swift in Sources */ = {isa = PBXBuildFile; fileRef = DB0D7E5D2A9E46FD00C51512 /* SceneDelegate.swift */; };
		DB0D7E602A9E46FD00C51512 /* ViewController.swift in Sources */ = {isa = PBXBuildFile; fileRef = DB0D7E5F2A9E46FD00C51512 /* ViewController.swift */; };
		DB0D7E632A9E46FD00C51512 /* Main.storyboard in Resources */ = {isa = PBXBuildFile; fileRef = DB0D7E612A9E46FD00C51512 /* Main.storyboard */; };
		DB0D7E652A9E46FE00C51512 /* Assets.xcassets in Resources */ = {isa = PBXBuildFile; fileRef = DB0D7E642A9E46FE00C51512 /* Assets.xcassets */; };
		DB0D7E682A9E46FE00C51512 /* LaunchScreen.storyboard in Resources */ = {isa = PBXBuildFile; fileRef = DB0D7E662A9E46FE00C51512 /* LaunchScreen.storyboard */; };
		DB0D7E702A9E478A00C51512 /* CustomTableViewCell.swift in Sources */ = {isa = PBXBuildFile; fileRef = DB0D7E6F2A9E478A00C51512 /* CustomTableViewCell.swift */; };
		DB0D7E722A9E4A2100C51512 /* DataModel.swift in Sources */ = {isa = PBXBuildFile; fileRef = DB0D7E712A9E4A2100C51512 /* DataModel.swift */; };
		DB0D7E742A9F994800C51512 /* TapViewController.swift in Sources */ = {isa = PBXBuildFile; fileRef = DB0D7E732A9F994800C51512 /* TapViewController.swift */; };
/* End PBXBuildFile section */

/* Begin PBXFileReference section */
		DB0D7E582A9E46FD00C51512 /* FetchCodingChallenge.app */ = {isa = PBXFileReference; explicitFileType = wrapper.application; includeInIndex = 0; path = FetchCodingChallenge.app; sourceTree = BUILT_PRODUCTS_DIR; };
		DB0D7E5B2A9E46FD00C51512 /* AppDelegate.swift */ = {isa = PBXFileReference; lastKnownFileType = sourcecode.swift; path = AppDelegate.swift; sourceTree = "<group>"; };
		DB0D7E5D2A9E46FD00C51512 /* SceneDelegate.swift */ = {isa = PBXFileReference; lastKnownFileType = sourcecode.swift; path = SceneDelegate.swift; sourceTree = "<group>"; };
		DB0D7E5F2A9E46FD00C51512 /* ViewController.swift */ = {isa = PBXFileReference; lastKnownFileType = sourcecode.swift; path = ViewController.swift; sourceTree = "<group>"; };
		DB0D7E622A9E46FD00C51512 /* Base */ = {isa = PBXFileReference; lastKnownFileType = file.storyboard; name = Base; path = Base.lproj/Main.storyboard; sourceTree = "<group>"; };
		DB0D7E642A9E46FE00C51512 /* Assets.xcassets */ = {isa = PBXFileReference; lastKnownFileType = folder.assetcatalog; path = Assets.xcassets; sourceTree = "<group>"; };
		DB0D7E672A9E46FE00C51512 /* Base */ = {isa = PBXFileReference; lastKnownFileType = file.storyboard; name = Base; path = Base.lproj/LaunchScreen.storyboard; sourceTree = "<group>"; };
		DB0D7E692A9E46FE00C51512 /* Info.plist */ = {isa = PBXFileReference; lastKnownFileType = text.plist.xml; path = Info.plist; sourceTree = "<group>"; };
		DB0D7E6F2A9E478A00C51512 /* CustomTableViewCell.swift */ = {isa = PBXFileReference; lastKnownFileType = sourcecode.swift; path = CustomTableViewCell.swift; sourceTree = "<group>"; };
		DB0D7E712A9E4A2100C51512 /* DataModel.swift */ = {isa = PBXFileReference; lastKnownFileType = sourcecode.swift; path = DataModel.swift; sourceTree = "<group>"; };
		DB0D7E732A9F994800C51512 /* TapViewController.swift */ = {isa = PBXFileReference; lastKnownFileType = sourcecode.swift; path = TapViewController.swift; sourceTree = "<group>"; };
/* End PBXFileReference section */

/* Begin PBXFrameworksBuildPhase section */
		DB0D7E552A9E46FD00C51512 /* Frameworks */ = {
			isa = PBXFrameworksBuildPhase;
			buildActionMask = 2147483647;
			files = (
			);
			runOnlyForDeploymentPostprocessing = 0;
		};
/* End PBXFrameworksBuildPhase section */

/* Begin PBXGroup section */
		DB0D7E4F2A9E46FD00C51512 = {
			isa = PBXGroup;
			children = (
				DB0D7E5A2A9E46FD00C51512 /* FetchCodingChallenge */,
				DB0D7E592A9E46FD00C51512 /* Products */,
			);
			sourceTree = "<group>";
		};
		DB0D7E592A9E46FD00C51512 /* Products */ = {
			isa = PBXGroup;
			children = (
				DB0D7E582A9E46FD00C51512 /* FetchCodingChallenge.app */,
			);
			name = Products;
			sourceTree = "<group>";
		};
		DB0D7E5A2A9E46FD00C51512 /* FetchCodingChallenge */ = {
			isa = PBXGroup;
			children = (
				DB0D7E5B2A9E46FD00C51512 /* AppDelegate.swift */,
				DB0D7E5D2A9E46FD00C51512 /* SceneDelegate.swift */,
				DB0D7E712A9E4A2100C51512 /* DataModel.swift */,
				DB0D7E5F2A9E46FD00C51512 /* ViewController.swift */,
				DB0D7E732A9F994800C51512 /* TapViewController.swift */,
				DB0D7E6F2A9E478A00C51512 /* CustomTableViewCell.swift */,
				DB0D7E612A9E46FD00C51512 /* Main.storyboard */,
				DB0D7E642A9E46FE00C51512 /* Assets.xcassets */,
				DB0D7E662A9E46FE00C51512 /* LaunchScreen.storyboard */,
				DB0D7E692A9E46FE00C51512 /* Info.plist */,
			);
			path = FetchCodingChallenge;
			sourceTree = "<group>";
		};
/* End PBXGroup section */

/* Begin PBXNativeTarget section */
		DB0D7E572A9E46FD00C51512 /* FetchCodingChallenge */ = {
			isa = PBXNativeTarget;
			buildConfigurationList = DB0D7E6C2A9E46FE00C51512 /* Build configuration list for PBXNativeTarget "FetchCodingChallenge" */;
			buildPhases = (
				DB0D7E542A9E46FD00C51512 /* Sources */,
				DB0D7E552A9E46FD00C51512 /* Frameworks */,
				DB0D7E562A9E46FD00C51512 /* Resources */,
			);
			buildRules = (
			);
			dependencies = (
			);
			name = FetchCodingChallenge;
			productName = FetchCodingChallenge;
			productReference = DB0D7E582A9E46FD00C51512 /* FetchCodingChallenge.app */;
			productType = "com.apple.product-type.application";
		};
/* End PBXNativeTarget section */

/* Begin PBXProject section */
		DB0D7E502A9E46FD00C51512 /* Project object */ = {
			isa = PBXProject;
			attributes = {
				BuildIndependentTargetsInParallel = 1;
				LastSwiftUpdateCheck = 1430;
				LastUpgradeCheck = 1430;
				TargetAttributes = {
					DB0D7E572A9E46FD00C51512 = {
						CreatedOnToolsVersion = 14.3;
					};
				};
			};
			buildConfigurationList = DB0D7E532A9E46FD00C51512 /* Build configuration list for PBXProject "FetchCodingChallenge" */;
			compatibilityVersion = "Xcode 14.0";
			developmentRegion = en;
			hasScannedForEncodings = 0;
			knownRegions = (
				en,
				Base,
			);
			mainGroup = DB0D7E4F2A9E46FD00C51512;
			productRefGroup = DB0D7E592A9E46FD00C51512 /* Products */;
			projectDirPath = "";
			projectRoot = "";
			targets = (
				DB0D7E572A9E46FD00C51512 /* FetchCodingChallenge */,
			);
		};
/* End PBXProject section */

/* Begin PBXResourcesBuildPhase section */
		DB0D7E562A9E46FD00C51512 /* Resources */ = {
			isa = PBXResourcesBuildPhase;
			buildActionMask = 2147483647;
			files = (
				DB0D7E682A9E46FE00C51512 /* LaunchScreen.storyboard in Resources */,
				DB0D7E652A9E46FE00C51512 /* Assets.xcassets in Resources */,
				DB0D7E632A9E46FD00C51512 /* Main.storyboard in Resources */,
			);
			runOnlyForDeploymentPostprocessing = 0;
		};
/* End PBXResourcesBuildPhase section */

/* Begin PBXSourcesBuildPhase section */
		DB0D7E542A9E46FD00C51512 /* Sources */ = {
			isa = PBXSourcesBuildPhase;
			buildActionMask = 2147483647;
			files = (
				DB0D7E722A9E4A2100C51512 /* DataModel.swift in Sources */,
				DB0D7E602A9E46FD00C51512 /* ViewController.swift in Sources */,
				DB0D7E742A9F994800C51512 /* TapViewController.swift in Sources */,
				DB0D7E5C2A9E46FD00C51512 /* AppDelegate.swift in Sources */,
				DB0D7E702A9E478A00C51512 /* CustomTableViewCell.swift in Sources */,
				DB0D7E5E2A9E46FD00C51512 /* SceneDelegate.swift in Sources */,
			);
			runOnlyForDeploymentPostprocessing = 0;
		};
/* End PBXSourcesBuildPhase section */

/* Begin PBXVariantGroup section */
		DB0D7E612A9E46FD00C51512 /* Main.storyboard */ = {
			isa = PBXVariantGroup;
			children = (
				DB0D7E622A9E46FD00C51512 /* Base */,
			);
			name = Main.storyboard;
			sourceTree = "<group>";
		};
		DB0D7E662A9E46FE00C51512 /* LaunchScreen.storyboard */ = {
			isa = PBXVariantGroup;
			children = (
				DB0D7E672A9E46FE00C51512 /* Base */,
			);
			name = LaunchScreen.storyboard;
			sourceTree = "<group>";
		};
/* End PBXVariantGroup section */

/* Begin XCBuildConfiguration section */
		DB0D7E6A2A9E46FE00C51512 /* Debug */ = {
			isa = XCBuildConfiguration;
			buildSettings = {
				ALWAYS_SEARCH_USER_PATHS = NO;
				CLANG_ANALYZER_NONNULL = YES;
				CLANG_ANALYZER_NUMBER_OBJECT_CONVERSION = YES_AGGRESSIVE;
				CLANG_CXX_LANGUAGE_STANDARD = "gnu++20";
				CLANG_ENABLE_MODULES = YES;
				CLANG_ENABLE_OBJC_ARC = YES;
				CLANG_ENABLE_OBJC_WEAK = YES;
				CLANG_WARN_BLOCK_CAPTURE_AUTORELEASING = YES;
				CLANG_WARN_BOOL_CONVERSION = YES;
				CLANG_WARN_COMMA = YES;
				CLANG_WARN_CONSTANT_CONVERSION = YES;
				CLANG_WARN_DEPRECATED_OBJC_IMPLEMENTATIONS = YES;
				CLANG_WARN_DIRECT_OBJC_ISA_USAGE = YES_ERROR;
				CLANG_WARN_DOCUMENTATION_COMMENTS = YES;
				CLANG_WARN_EMPTY_BODY = YES;
				CLANG_WARN_ENUM_CONVERSION = YES;
				CLANG_WARN_INFINITE_RECURSION = YES;
				CLANG_WARN_INT_CONVERSION = YES;
				CLANG_WARN_NON_LITERAL_NULL_CONVERSION = YES;
				CLANG_WARN_OBJC_IMPLICIT_RETAIN_SELF = YES;
				CLANG_WARN_OBJC_LITERAL_CONVERSION = YES;
				CLANG_WARN_OBJC_ROOT_CLASS = YES_ERROR;
				CLANG_WARN_QUOTED_INCLUDE_IN_FRAMEWORK_HEADER = YES;
				CLANG_WARN_RANGE_LOOP_ANALYSIS = YES;
				CLANG_WARN_STRICT_PROTOTYPES = YES;
				CLANG_WARN_SUSPICIOUS_MOVE = YES;
				CLANG_WARN_UNGUARDED_AVAILABILITY = YES_AGGRESSIVE;
				CLANG_WARN_UNREACHABLE_CODE = YES;
				CLANG_WARN__DUPLICATE_METHOD_MATCH = YES;
				COPY_PHASE_STRIP = NO;
				DEBUG_INFORMATION_FORMAT = dwarf;
				ENABLE_STRICT_OBJC_MSGSEND = YES;
				ENABLE_TESTABILITY = YES;
				GCC_C_LANGUAGE_STANDARD = gnu11;
				GCC_DYNAMIC_NO_PIC = NO;
				GCC_NO_COMMON_BLOCKS = YES;
				GCC_OPTIMIZATION_LEVEL = 0;
				GCC_PREPROCESSOR_DEFINITIONS = (
					"DEBUG=1",
					"$(inherited)",
				);
				GCC_WARN_64_TO_32_BIT_CONVERSION = YES;
				GCC_WARN_ABOUT_RETURN_TYPE = YES_ERROR;
				GCC_WARN_UNDECLARED_SELECTOR = YES;
				GCC_WARN_UNINITIALIZED_AUTOS = YES_AGGRESSIVE;
				GCC_WARN_UNUSED_FUNCTION = YES;
				GCC_WARN_UNUSED_VARIABLE = YES;
				IPHONEOS_DEPLOYMENT_TARGET = 16.4;
				MTL_ENABLE_DEBUG_INFO = INCLUDE_SOURCE;
				MTL_FAST_MATH = YES;
				ONLY_ACTIVE_ARCH = YES;
				SDKROOT = iphoneos;
				SWIFT_ACTIVE_COMPILATION_CONDITIONS = DEBUG;
				SWIFT_OPTIMIZATION_LEVEL = "-Onone";
			};
			name = Debug;
		};
		DB0D7E6B2A9E46FE00C51512 /* Release */ = {
			isa = XCBuildConfiguration;
			buildSettings = {
				ALWAYS_SEARCH_USER_PATHS = NO;
				CLANG_ANALYZER_NONNULL = YES;
				CLANG_ANALYZER_NUMBER_OBJECT_CONVERSION = YES_AGGRESSIVE;
				CLANG_CXX_LANGUAGE_STANDARD = "gnu++20";
				CLANG_ENABLE_MODULES = YES;
				CLANG_ENABLE_OBJC_ARC = YES;
				CLANG_ENABLE_OBJC_WEAK = YES;
				CLANG_WARN_BLOCK_CAPTURE_AUTORELEASING = YES;
				CLANG_WARN_BOOL_CONVERSION = YES;
				CLANG_WARN_COMMA = YES;
				CLANG_WARN_CONSTANT_CONVERSION = YES;
				CLANG_WARN_DEPRECATED_OBJC_IMPLEMENTATIONS = YES;
				CLANG_WARN_DIRECT_OBJC_ISA_USAGE = YES_ERROR;
				CLANG_WARN_DOCUMENTATION_COMMENTS = YES;
				CLANG_WARN_EMPTY_BODY = YES;
				CLANG_WARN_ENUM_CONVERSION = YES;
				CLANG_WARN_INFINITE_RECURSION = YES;
				CLANG_WARN_INT_CONVERSION = YES;
				CLANG_WARN_NON_LITERAL_NULL_CONVERSION = YES;
				CLANG_WARN_OBJC_IMPLICIT_RETAIN_SELF = YES;
				CLANG_WARN_OBJC_LITERAL_CONVERSION = YES;
				CLANG_WARN_OBJC_ROOT_CLASS = YES_ERROR;
				CLANG_WARN_QUOTED_INCLUDE_IN_FRAMEWORK_HEADER = YES;
				CLANG_WARN_RANGE_LOOP_ANALYSIS = YES;
				CLANG_WARN_STRICT_PROTOTYPES = YES;
				CLANG_WARN_SUSPICIOUS_MOVE = YES;
				CLANG_WARN_UNGUARDED_AVAILABILITY = YES_AGGRESSIVE;
				CLANG_WARN_UNREACHABLE_CODE = YES;
				CLANG_WARN__DUPLICATE_METHOD_MATCH = YES;
				COPY_PHASE_STRIP = NO;
				DEBUG_INFORMATION_FORMAT = "dwarf-with-dsym";
				ENABLE_NS_ASSERTIONS = NO;
				ENABLE_STRICT_OBJC_MSGSEND = YES;
				GCC_C_LANGUAGE_STANDARD = gnu11;
				GCC_NO_COMMON_BLOCKS = YES;
				GCC_WARN_64_TO_32_BIT_CONVERSION = YES;
				GCC_WARN_ABOUT_RETURN_TYPE = YES_ERROR;
				GCC_WARN_UNDECLARED_SELECTOR = YES;
				GCC_WARN_UNINITIALIZED_AUTOS = YES_AGGRESSIVE;
				GCC_WARN_UNUSED_FUNCTION = YES;
				GCC_WARN_UNUSED_VARIABLE = YES;
				IPHONEOS_DEPLOYMENT_TARGET = 16.4;
				MTL_ENABLE_DEBUG_INFO = NO;
				MTL_FAST_MATH = YES;
				SDKROOT = iphoneos;
				SWIFT_COMPILATION_MODE = wholemodule;
				SWIFT_OPTIMIZATION_LEVEL = "-O";
				VALIDATE_PRODUCT = YES;
			};
			name = Release;
		};
		DB0D7E6D2A9E46FE00C51512 /* Debug */ = {
			isa = XCBuildConfiguration;
			buildSettings = {
				ASSETCATALOG_COMPILER_APPICON_NAME = AppIcon;
				ASSETCATALOG_COMPILER_GLOBAL_ACCENT_COLOR_NAME = AccentColor;
				CODE_SIGN_STYLE = Automatic;
				CURRENT_PROJECT_VERSION = 1;
				DEVELOPMENT_TEAM = 4JKHJALY4V;
				GENERATE_INFOPLIST_FILE = YES;
				INFOPLIST_FILE = FetchCodingChallenge/Info.plist;
				INFOPLIST_KEY_UIApplicationSupportsIndirectInputEvents = YES;
				INFOPLIST_KEY_UILaunchStoryboardName = LaunchScreen;
				INFOPLIST_KEY_UIMainStoryboardFile = Main;
				INFOPLIST_KEY_UISupportedInterfaceOrientations_iPad = "UIInterfaceOrientationPortrait UIInterfaceOrientationPortraitUpsideDown UIInterfaceOrientationLandscapeLeft UIInterfaceOrientationLandscapeRight";
				INFOPLIST_KEY_UISupportedInterfaceOrientations_iPhone = "UIInterfaceOrientationPortrait UIInterfaceOrientationLandscapeLeft UIInterfaceOrientationLandscapeRight";
				LD_RUNPATH_SEARCH_PATHS = (
					"$(inherited)",
					"@executable_path/Frameworks",
				);
				MARKETING_VERSION = 1.0;
				PRODUCT_BUNDLE_IDENTIFIER = cesar.FetchCodingChallenge;
				PRODUCT_NAME = "$(TARGET_NAME)";
				SWIFT_EMIT_LOC_STRINGS = YES;
				SWIFT_VERSION = 5.0;
				TARGETED_DEVICE_FAMILY = "1,2";
			};
			name = Debug;
		};
		DB0D7E6E2A9E46FE00C51512 /* Release */ = {
			isa = XCBuildConfiguration;
			buildSettings = {
				ASSETCATALOG_COMPILER_APPICON_NAME = AppIcon;
				ASSETCATALOG_COMPILER_GLOBAL_ACCENT_COLOR_NAME = AccentColor;
				CODE_SIGN_STYLE = Automatic;
				CURRENT_PROJECT_VERSION = 1;
				DEVELOPMENT_TEAM = 4JKHJALY4V;
				GENERATE_INFOPLIST_FILE = YES;
				INFOPLIST_FILE = FetchCodingChallenge/Info.plist;
				INFOPLIST_KEY_UIApplicationSupportsIndirectInputEvents = YES;
				INFOPLIST_KEY_UILaunchStoryboardName = LaunchScreen;
				INFOPLIST_KEY_UIMainStoryboardFile = Main;
				INFOPLIST_KEY_UISupportedInterfaceOrientations_iPad = "UIInterfaceOrientationPortrait UIInterfaceOrientationPortraitUpsideDown UIInterfaceOrientationLandscapeLeft UIInterfaceOrientationLandscapeRight";
				INFOPLIST_KEY_UISupportedInterfaceOrientations_iPhone = "UIInterfaceOrientationPortrait UIInterfaceOrientationLandscapeLeft UIInterfaceOrientationLandscapeRight";
				LD_RUNPATH_SEARCH_PATHS = (
					"$(inherited)",
					"@executable_path/Frameworks",
				);
				MARKETING_VERSION = 1.0;
				PRODUCT_BUNDLE_IDENTIFIER = cesar.FetchCodingChallenge;
				PRODUCT_NAME = "$(TARGET_NAME)";
				SWIFT_EMIT_LOC_STRINGS = YES;
				SWIFT_VERSION = 5.0;
				TARGETED_DEVICE_FAMILY = "1,2";
			};
			name = Release;
		};
/* End XCBuildConfiguration section */

/* Begin XCConfigurationList section */
		DB0D7E532A9E46FD00C51512 /* Build configuration list for PBXProject "FetchCodingChallenge" */ = {
			isa = XCConfigurationList;
			buildConfigurations = (
				DB0D7E6A2A9E46FE00C51512 /* Debug */,
				DB0D7E6B2A9E46FE00C51512 /* Release */,
			);
			defaultConfigurationIsVisible = 0;
			defaultConfigurationName = Release;
		};
		DB0D7E6C2A9E46FE00C51512 /* Build configuration list for PBXNativeTarget "FetchCodingChallenge" */ = {
			isa = XCConfigurationList;
			buildConfigurations = (
				DB0D7E6D2A9E46FE00C51512 /* Debug */,
				DB0D7E6E2A9E46FE00C51512 /* Release */,
			);
			defaultConfigurationIsVisible = 0;
			defaultConfigurationName = Release;
		};
/* End XCConfigurationList section */
	};
	rootObject = DB0D7E502A9E46FD00C51512 /* Project object */;
}
